
Microsoft Visual Studio Solution File, Format Version 12.00
# Visual Studio Version 16
VisualStudioVersion = 16.0.31424.327
MinimumVisualStudioVersion = 10.0.40219.1
Project("{FAE04EC0-301F-11D3-BF4B-00C04F79EFBC}") = "DripDropMVC", "DripDropMVC\DripDropMVC.csproj", "{1240E3B3-DE1B-4C75-8BA0-6CE29D8AD8F2}"
EndProject
Global
	GlobalSection(SolutionConfigurationPlatforms) = preSolution
		Debug|Any CPU = Debug|Any CPU
		Release|Any CPU = Release|Any CPU
	EndGlobalSection
	GlobalSection(ProjectConfigurationPlatforms) = postSolution
		{1240E3B3-DE1B-4C75-8BA0-6CE29D8AD8F2}.Debug|Any CPU.ActiveCfg = Debug|Any CPU
		{1240E3B3-DE1B-4C75-8BA0-6CE29D8AD8F2}.Debug|Any CPU.Build.0 = Debug|Any CPU
		{1240E3B3-DE1B-4C75-8BA0-6CE29D8AD8F2}.Release|Any CPU.ActiveCfg = Release|Any CPU
		{1240E3B3-DE1B-4C75-8BA0-6CE29D8AD8F2}.Release|Any CPU.Build.0 = Release|Any CPU
	EndGlobalSection
	GlobalSection(SolutionProperties) = preSolution
		HideSolutionNode = FALSE
	EndGlobalSection
	GlobalSection(ExtensibilityGlobals) = postSolution
		SolutionGuid = {121A22B3-A65F-4D63-B514-1466777FCBA0}
	EndGlobalSection
EndGlobal
